
Microsoft Visual Studio Solution File, Format Version 12.00
# Visual Studio Version 16
VisualStudioVersion = 16.0.31729.503
MinimumVisualStudioVersion = 10.0.40219.1
Project("{FAE04EC0-301F-11D3-BF4B-00C04F79EFBC}") = "StackQueue-uc4", "StackQueue-uc4\StackQueue-uc4.csproj", "{0CC413E2-0ACB-4A42-BB67-8C3E8080C822}"
EndProject
Global
	GlobalSection(SolutionConfigurationPlatforms) = preSolution
		Debug|Any CPU = Debug|Any CPU
		Release|Any CPU = Release|Any CPU
	EndGlobalSection
	GlobalSection(ProjectConfigurationPlatforms) = postSolution
		{0CC413E2-0ACB-4A42-BB67-8C3E8080C822}.Debug|Any CPU.ActiveCfg = Debug|Any CPU
		{0CC413E2-0ACB-4A42-BB67-8C3E8080C822}.Debug|Any CPU.Build.0 = Debug|Any CPU
		{0CC413E2-0ACB-4A42-BB67-8C3E8080C822}.Release|Any CPU.ActiveCfg = Release|Any CPU
		{0CC413E2-0ACB-4A42-BB67-8C3E8080C822}.Release|Any CPU.Build.0 = Release|Any CPU
	EndGlobalSection
	GlobalSection(SolutionProperties) = preSolution
		HideSolutionNode = FALSE
	EndGlobalSection
	GlobalSection(ExtensibilityGlobals) = postSolution
		SolutionGuid = {01890C30-DB15-4A28-8FD5-582ECF3BA24D}
	EndGlobalSection
EndGlobal
